// !$*UTF8*$!
{
	archiveVersion = 1;
	classes = {
	};
	objectVersion = 50;
	objects = {

/* Begin PBXBuildFile section */
		C40AA371257F3F4000E3109D /* day08.swift in Sources */ = {isa = PBXBuildFile; fileRef = C40AA370257F3F4000E3109D /* day08.swift */; };
		C40AA374257F3F4700E3109D /* day08input.swift in Sources */ = {isa = PBXBuildFile; fileRef = C40AA373257F3F4700E3109D /* day08input.swift */; };
		C40AA378257F4DAA00E3109D /* BitSet.swift in Sources */ = {isa = PBXBuildFile; fileRef = C40AA377257F4DAA00E3109D /* BitSet.swift */; };
		C42B5318257DEDDF0023D120 /* day07input.swift in Sources */ = {isa = PBXBuildFile; fileRef = C42B5317257DEDDF0023D120 /* day07input.swift */; };
		C42B531B257DEDE60023D120 /* day07.swift in Sources */ = {isa = PBXBuildFile; fileRef = C42B531A257DEDE60023D120 /* day07.swift */; };
		C42B5320257EA85F0023D120 /* string.swift in Sources */ = {isa = PBXBuildFile; fileRef = C42B531F257EA85E0023D120 /* string.swift */; };
		C42B5323257EA8790023D120 /* graph.swift in Sources */ = {isa = PBXBuildFile; fileRef = C42B5322257EA8790023D120 /* graph.swift */; };
		C42F69912580917500EC0773 /* day09.swift in Sources */ = {isa = PBXBuildFile; fileRef = C42F69902580917500EC0773 /* day09.swift */; };
		C42F69942580917C00EC0773 /* day09input.swift in Sources */ = {isa = PBXBuildFile; fileRef = C42F69932580917C00EC0773 /* day09input.swift */; };
		C43D6C9625762DBA002A65C0 /* day01.swift in Sources */ = {isa = PBXBuildFile; fileRef = C43D6C9525762DBA002A65C0 /* day01.swift */; };
		C44C0D83257C9C4F00BD4AE9 /* day06input.swift in Sources */ = {isa = PBXBuildFile; fileRef = C44C0D82257C9C4F00BD4AE9 /* day06input.swift */; };
		C44C0D86257C9C5E00BD4AE9 /* day06.swift in Sources */ = {isa = PBXBuildFile; fileRef = C44C0D85257C9C5E00BD4AE9 /* day06.swift */; };
		C46F900D25762D4300DE7793 /* main.swift in Sources */ = {isa = PBXBuildFile; fileRef = C46F900C25762D4300DE7793 /* main.swift */; };
		C47AEF8A2578AA66009D6695 /* day03.swift in Sources */ = {isa = PBXBuildFile; fileRef = C47AEF892578AA66009D6695 /* day03.swift */; };
		C47AEF8D257A01BF009D6695 /* day04input.swift in Sources */ = {isa = PBXBuildFile; fileRef = C47AEF8C257A01BF009D6695 /* day04input.swift */; };
		C47AEF90257A02A5009D6695 /* day04.swift in Sources */ = {isa = PBXBuildFile; fileRef = C47AEF8F257A02A5009D6695 /* day04.swift */; };
		C4B7C46E257B4964009B506B /* day05.swift in Sources */ = {isa = PBXBuildFile; fileRef = C4B7C46D257B4964009B506B /* day05.swift */; };
		C4B7C471257B4969009B506B /* day05input.swift in Sources */ = {isa = PBXBuildFile; fileRef = C4B7C470257B4969009B506B /* day05input.swift */; };
		C4B8CBC32577589E00D0CAE3 /* day02.swift in Sources */ = {isa = PBXBuildFile; fileRef = C4B8CBC22577589D00D0CAE3 /* day02.swift */; };
		EA1A2CEF2591B4E20083E3E5 /* day22input.swift in Sources */ = {isa = PBXBuildFile; fileRef = EA1A2CEE2591B4E20083E3E5 /* day22input.swift */; };
		EA1A2CF22591B4FA0083E3E5 /* day22.swift in Sources */ = {isa = PBXBuildFile; fileRef = EA1A2CF12591B4FA0083E3E5 /* day22.swift */; };
		EA48A46B2585D7D2002B1A4E /* day13input.swift in Sources */ = {isa = PBXBuildFile; fileRef = EA48A46A2585D7D2002B1A4E /* day13input.swift */; };
		EA48A46E2585D7D9002B1A4E /* day13.swift in Sources */ = {isa = PBXBuildFile; fileRef = EA48A46D2585D7D9002B1A4E /* day13.swift */; };
		EA48A4B6258726C2002B1A4E /* day14input.swift in Sources */ = {isa = PBXBuildFile; fileRef = EA48A4B5258726C2002B1A4E /* day14input.swift */; };
		EA48A4B9258726C5002B1A4E /* day14.swift in Sources */ = {isa = PBXBuildFile; fileRef = EA48A4B8258726C5002B1A4E /* day14.swift */; };
		EA4F606A2581D36D00245F48 /* day10.swift in Sources */ = {isa = PBXBuildFile; fileRef = EA4F60692581D36D00245F48 /* day10.swift */; };
		EA4F606D2581D37400245F48 /* day10input.swift in Sources */ = {isa = PBXBuildFile; fileRef = EA4F606C2581D37400245F48 /* day10input.swift */; };
		EA610CDF258F116E000CFAA0 /* day20input.swift in Sources */ = {isa = PBXBuildFile; fileRef = EA610CDE258F116E000CFAA0 /* day20input.swift */; };
		EA610CE2258F1172000CFAA0 /* day20.swift in Sources */ = {isa = PBXBuildFile; fileRef = EA610CE1258F1172000CFAA0 /* day20.swift */; };
		EA610CE52590695D000CFAA0 /* day21input.swift in Sources */ = {isa = PBXBuildFile; fileRef = EA610CE42590695D000CFAA0 /* day21input.swift */; };
		EA610CE825906962000CFAA0 /* day21.swift in Sources */ = {isa = PBXBuildFile; fileRef = EA610CE725906962000CFAA0 /* day21.swift */; };
		EA6B4970258334A60032B658 /* day11.swift in Sources */ = {isa = PBXBuildFile; fileRef = EA6B496F258334A60032B658 /* day11.swift */; };
		EA6B4973258334AD0032B658 /* day11input.swift in Sources */ = {isa = PBXBuildFile; fileRef = EA6B4972258334AD0032B658 /* day11input.swift */; };
		EAA01392258B1B9A00C4D5B1 /* day17input.swift in Sources */ = {isa = PBXBuildFile; fileRef = EAA01391258B1B9A00C4D5B1 /* day17input.swift */; };
		EAA01395258B1B9F00C4D5B1 /* day17.swift in Sources */ = {isa = PBXBuildFile; fileRef = EAA01394258B1B9F00C4D5B1 /* day17.swift */; };
		EAAAB35B258C6DE3009673B2 /* day18input.swift in Sources */ = {isa = PBXBuildFile; fileRef = EAAAB35A258C6DE3009673B2 /* day18input.swift */; };
		EAAAB35E258C6DF0009673B2 /* day18.swift in Sources */ = {isa = PBXBuildFile; fileRef = EAAAB35D258C6DF0009673B2 /* day18.swift */; };
		EAAAB361258DC087009673B2 /* day19input.swift in Sources */ = {isa = PBXBuildFile; fileRef = EAAAB360258DC087009673B2 /* day19input.swift */; };
		EAAAB364258DC09A009673B2 /* day19.swift in Sources */ = {isa = PBXBuildFile; fileRef = EAAAB363258DC09A009673B2 /* day19.swift */; };
		EADFBA172589CD7D008511B7 /* day16input.swift in Sources */ = {isa = PBXBuildFile; fileRef = EADFBA162589CD7D008511B7 /* day16input.swift */; };
		EADFBA1A2589CD82008511B7 /* day16.swift in Sources */ = {isa = PBXBuildFile; fileRef = EADFBA192589CD82008511B7 /* day16.swift */; };
		EAEFA2002584856C0069320D /* day12input.swift in Sources */ = {isa = PBXBuildFile; fileRef = EAEFA1FF2584856C0069320D /* day12input.swift */; };
		EAEFA203258485700069320D /* day12.swift in Sources */ = {isa = PBXBuildFile; fileRef = EAEFA202258485700069320D /* day12.swift */; };
		EAF269352588796800E55C30 /* day15input.swift in Sources */ = {isa = PBXBuildFile; fileRef = EAF269342588796800E55C30 /* day15input.swift */; };
		EAF269382588796C00E55C30 /* day15.swift in Sources */ = {isa = PBXBuildFile; fileRef = EAF269372588796C00E55C30 /* day15.swift */; };
/* End PBXBuildFile section */

/* Begin PBXCopyFilesBuildPhase section */
		C46F900725762D4300DE7793 /* CopyFiles */ = {
			isa = PBXCopyFilesBuildPhase;
			buildActionMask = 12;
			dstPath = "";
			dstSubfolderSpec = 16;
			files = (
			);
			runOnlyForDeploymentPostprocessing = 0;
		};
/* End PBXCopyFilesBuildPhase section */

/* Begin PBXFileReference section */
		C40AA370257F3F4000E3109D /* day08.swift */ = {isa = PBXFileReference; lastKnownFileType = sourcecode.swift; path = day08.swift; sourceTree = "<group>"; };
		C40AA373257F3F4700E3109D /* day08input.swift */ = {isa = PBXFileReference; lastKnownFileType = sourcecode.swift; path = day08input.swift; sourceTree = "<group>"; };
		C40AA377257F4DAA00E3109D /* BitSet.swift */ = {isa = PBXFileReference; lastKnownFileType = sourcecode.swift; path = BitSet.swift; sourceTree = "<group>"; };
		C42B5317257DEDDF0023D120 /* day07input.swift */ = {isa = PBXFileReference; lastKnownFileType = sourcecode.swift; path = day07input.swift; sourceTree = "<group>"; };
		C42B531A257DEDE60023D120 /* day07.swift */ = {isa = PBXFileReference; lastKnownFileType = sourcecode.swift; path = day07.swift; sourceTree = "<group>"; };
		C42B531F257EA85E0023D120 /* string.swift */ = {isa = PBXFileReference; lastKnownFileType = sourcecode.swift; path = string.swift; sourceTree = "<group>"; };
		C42B5322257EA8790023D120 /* graph.swift */ = {isa = PBXFileReference; lastKnownFileType = sourcecode.swift; path = graph.swift; sourceTree = "<group>"; };
		C42F69902580917500EC0773 /* day09.swift */ = {isa = PBXFileReference; lastKnownFileType = sourcecode.swift; path = day09.swift; sourceTree = "<group>"; };
		C42F69932580917C00EC0773 /* day09input.swift */ = {isa = PBXFileReference; lastKnownFileType = sourcecode.swift; path = day09input.swift; sourceTree = "<group>"; };
		C43D6C9525762DBA002A65C0 /* day01.swift */ = {isa = PBXFileReference; lastKnownFileType = sourcecode.swift; path = day01.swift; sourceTree = "<group>"; };
		C44C0D82257C9C4F00BD4AE9 /* day06input.swift */ = {isa = PBXFileReference; lastKnownFileType = sourcecode.swift; path = day06input.swift; sourceTree = "<group>"; };
		C44C0D85257C9C5E00BD4AE9 /* day06.swift */ = {isa = PBXFileReference; lastKnownFileType = sourcecode.swift; path = day06.swift; sourceTree = "<group>"; };
		C46F900925762D4300DE7793 /* aoc2020 */ = {isa = PBXFileReference; explicitFileType = "compiled.mach-o.executable"; includeInIndex = 0; path = aoc2020; sourceTree = BUILT_PRODUCTS_DIR; };
		C46F900C25762D4300DE7793 /* main.swift */ = {isa = PBXFileReference; lastKnownFileType = sourcecode.swift; path = main.swift; sourceTree = "<group>"; };
		C47AEF892578AA66009D6695 /* day03.swift */ = {isa = PBXFileReference; lastKnownFileType = sourcecode.swift; path = day03.swift; sourceTree = "<group>"; };
		C47AEF8C257A01BF009D6695 /* day04input.swift */ = {isa = PBXFileReference; lastKnownFileType = sourcecode.swift; path = day04input.swift; sourceTree = "<group>"; };
		C47AEF8F257A02A5009D6695 /* day04.swift */ = {isa = PBXFileReference; lastKnownFileType = sourcecode.swift; path = day04.swift; sourceTree = "<group>"; };
		C4B7C46D257B4964009B506B /* day05.swift */ = {isa = PBXFileReference; lastKnownFileType = sourcecode.swift; path = day05.swift; sourceTree = "<group>"; };
		C4B7C470257B4969009B506B /* day05input.swift */ = {isa = PBXFileReference; lastKnownFileType = sourcecode.swift; path = day05input.swift; sourceTree = "<group>"; };
		C4B8CBC22577589D00D0CAE3 /* day02.swift */ = {isa = PBXFileReference; lastKnownFileType = sourcecode.swift; path = day02.swift; sourceTree = "<group>"; };
		EA1A2CEE2591B4E20083E3E5 /* day22input.swift */ = {isa = PBXFileReference; lastKnownFileType = sourcecode.swift; path = day22input.swift; sourceTree = "<group>"; };
		EA1A2CF12591B4FA0083E3E5 /* day22.swift */ = {isa = PBXFileReference; lastKnownFileType = sourcecode.swift; path = day22.swift; sourceTree = "<group>"; };
		EA48A46A2585D7D2002B1A4E /* day13input.swift */ = {isa = PBXFileReference; lastKnownFileType = sourcecode.swift; path = day13input.swift; sourceTree = "<group>"; };
		EA48A46D2585D7D9002B1A4E /* day13.swift */ = {isa = PBXFileReference; lastKnownFileType = sourcecode.swift; path = day13.swift; sourceTree = "<group>"; };
		EA48A4B5258726C2002B1A4E /* day14input.swift */ = {isa = PBXFileReference; lastKnownFileType = sourcecode.swift; path = day14input.swift; sourceTree = "<group>"; };
		EA48A4B8258726C5002B1A4E /* day14.swift */ = {isa = PBXFileReference; lastKnownFileType = sourcecode.swift; path = day14.swift; sourceTree = "<group>"; };
		EA4F60692581D36D00245F48 /* day10.swift */ = {isa = PBXFileReference; lastKnownFileType = sourcecode.swift; path = day10.swift; sourceTree = "<group>"; };
		EA4F606C2581D37400245F48 /* day10input.swift */ = {isa = PBXFileReference; lastKnownFileType = sourcecode.swift; path = day10input.swift; sourceTree = "<group>"; };
		EA610CDE258F116E000CFAA0 /* day20input.swift */ = {isa = PBXFileReference; lastKnownFileType = sourcecode.swift; path = day20input.swift; sourceTree = "<group>"; };
		EA610CE1258F1172000CFAA0 /* day20.swift */ = {isa = PBXFileReference; lastKnownFileType = sourcecode.swift; path = day20.swift; sourceTree = "<group>"; };
		EA610CE42590695D000CFAA0 /* day21input.swift */ = {isa = PBXFileReference; lastKnownFileType = sourcecode.swift; path = day21input.swift; sourceTree = "<group>"; };
		EA610CE725906962000CFAA0 /* day21.swift */ = {isa = PBXFileReference; lastKnownFileType = sourcecode.swift; path = day21.swift; sourceTree = "<group>"; };
		EA6B496F258334A60032B658 /* day11.swift */ = {isa = PBXFileReference; lastKnownFileType = sourcecode.swift; path = day11.swift; sourceTree = "<group>"; };
		EA6B4972258334AD0032B658 /* day11input.swift */ = {isa = PBXFileReference; lastKnownFileType = sourcecode.swift; path = day11input.swift; sourceTree = "<group>"; };
		EAA01391258B1B9A00C4D5B1 /* day17input.swift */ = {isa = PBXFileReference; lastKnownFileType = sourcecode.swift; path = day17input.swift; sourceTree = "<group>"; };
		EAA01394258B1B9F00C4D5B1 /* day17.swift */ = {isa = PBXFileReference; lastKnownFileType = sourcecode.swift; path = day17.swift; sourceTree = "<group>"; };
		EAAAB35A258C6DE3009673B2 /* day18input.swift */ = {isa = PBXFileReference; lastKnownFileType = sourcecode.swift; path = day18input.swift; sourceTree = "<group>"; };
		EAAAB35D258C6DF0009673B2 /* day18.swift */ = {isa = PBXFileReference; lastKnownFileType = sourcecode.swift; path = day18.swift; sourceTree = "<group>"; };
		EAAAB360258DC087009673B2 /* day19input.swift */ = {isa = PBXFileReference; lastKnownFileType = sourcecode.swift; path = day19input.swift; sourceTree = "<group>"; };
		EAAAB363258DC09A009673B2 /* day19.swift */ = {isa = PBXFileReference; lastKnownFileType = sourcecode.swift; path = day19.swift; sourceTree = "<group>"; };
		EADFBA162589CD7D008511B7 /* day16input.swift */ = {isa = PBXFileReference; lastKnownFileType = sourcecode.swift; path = day16input.swift; sourceTree = "<group>"; };
		EADFBA192589CD82008511B7 /* day16.swift */ = {isa = PBXFileReference; lastKnownFileType = sourcecode.swift; path = day16.swift; sourceTree = "<group>"; };
		EAEFA1FF2584856C0069320D /* day12input.swift */ = {isa = PBXFileReference; lastKnownFileType = sourcecode.swift; path = day12input.swift; sourceTree = "<group>"; };
		EAEFA202258485700069320D /* day12.swift */ = {isa = PBXFileReference; lastKnownFileType = sourcecode.swift; path = day12.swift; sourceTree = "<group>"; };
		EAF269342588796800E55C30 /* day15input.swift */ = {isa = PBXFileReference; lastKnownFileType = sourcecode.swift; path = day15input.swift; sourceTree = "<group>"; };
		EAF269372588796C00E55C30 /* day15.swift */ = {isa = PBXFileReference; lastKnownFileType = sourcecode.swift; path = day15.swift; sourceTree = "<group>"; };
/* End PBXFileReference section */

/* Begin PBXFrameworksBuildPhase section */
		C46F900625762D4300DE7793 /* Frameworks */ = {
			isa = PBXFrameworksBuildPhase;
			buildActionMask = 2147483647;
			files = (
			);
			runOnlyForDeploymentPostprocessing = 0;
		};
/* End PBXFrameworksBuildPhase section */

/* Begin PBXGroup section */
		C46F900025762D4300DE7793 = {
			isa = PBXGroup;
			children = (
				C46F900B25762D4300DE7793 /* aoc2020 */,
				C46F900A25762D4300DE7793 /* Products */,
			);
			sourceTree = "<group>";
		};
		C46F900A25762D4300DE7793 /* Products */ = {
			isa = PBXGroup;
			children = (
				C46F900925762D4300DE7793 /* aoc2020 */,
			);
			name = Products;
			sourceTree = "<group>";
		};
		C46F900B25762D4300DE7793 /* aoc2020 */ = {
			isa = PBXGroup;
			children = (
				C42B531F257EA85E0023D120 /* string.swift */,
				C42B5322257EA8790023D120 /* graph.swift */,
				C40AA377257F4DAA00E3109D /* BitSet.swift */,
				C46F900C25762D4300DE7793 /* main.swift */,
				C43D6C9525762DBA002A65C0 /* day01.swift */,
				C4B8CBC22577589D00D0CAE3 /* day02.swift */,
				C47AEF892578AA66009D6695 /* day03.swift */,
				C47AEF8C257A01BF009D6695 /* day04input.swift */,
				C47AEF8F257A02A5009D6695 /* day04.swift */,
				C4B7C470257B4969009B506B /* day05input.swift */,
				C4B7C46D257B4964009B506B /* day05.swift */,
				C44C0D82257C9C4F00BD4AE9 /* day06input.swift */,
				C44C0D85257C9C5E00BD4AE9 /* day06.swift */,
				C42B5317257DEDDF0023D120 /* day07input.swift */,
				C42B531A257DEDE60023D120 /* day07.swift */,
				C40AA373257F3F4700E3109D /* day08input.swift */,
				C40AA370257F3F4000E3109D /* day08.swift */,
				C42F69932580917C00EC0773 /* day09input.swift */,
				C42F69902580917500EC0773 /* day09.swift */,
				EA4F606C2581D37400245F48 /* day10input.swift */,
				EA4F60692581D36D00245F48 /* day10.swift */,
				EA6B4972258334AD0032B658 /* day11input.swift */,
				EA6B496F258334A60032B658 /* day11.swift */,
				EAEFA1FF2584856C0069320D /* day12input.swift */,
				EAEFA202258485700069320D /* day12.swift */,
				EA48A46A2585D7D2002B1A4E /* day13input.swift */,
				EA48A46D2585D7D9002B1A4E /* day13.swift */,
				EA48A4B5258726C2002B1A4E /* day14input.swift */,
				EA48A4B8258726C5002B1A4E /* day14.swift */,
				EAF269342588796800E55C30 /* day15input.swift */,
				EAF269372588796C00E55C30 /* day15.swift */,
				EADFBA162589CD7D008511B7 /* day16input.swift */,
				EADFBA192589CD82008511B7 /* day16.swift */,
				EAA01391258B1B9A00C4D5B1 /* day17input.swift */,
				EAA01394258B1B9F00C4D5B1 /* day17.swift */,
				EAAAB35A258C6DE3009673B2 /* day18input.swift */,
				EAAAB35D258C6DF0009673B2 /* day18.swift */,
				EAAAB360258DC087009673B2 /* day19input.swift */,
				EAAAB363258DC09A009673B2 /* day19.swift */,
				EA610CDE258F116E000CFAA0 /* day20input.swift */,
				EA610CE1258F1172000CFAA0 /* day20.swift */,
				EA610CE42590695D000CFAA0 /* day21input.swift */,
				EA610CE725906962000CFAA0 /* day21.swift */,
				EA1A2CEE2591B4E20083E3E5 /* day22input.swift */,
				EA1A2CF12591B4FA0083E3E5 /* day22.swift */,
			);
			path = aoc2020;
			sourceTree = "<group>";
		};
/* End PBXGroup section */

/* Begin PBXNativeTarget section */
		C46F900825762D4300DE7793 /* aoc2020 */ = {
			isa = PBXNativeTarget;
			buildConfigurationList = C46F901025762D4300DE7793 /* Build configuration list for PBXNativeTarget "aoc2020" */;
			buildPhases = (
				C46F900525762D4300DE7793 /* Sources */,
				C46F900625762D4300DE7793 /* Frameworks */,
				C46F900725762D4300DE7793 /* CopyFiles */,
			);
			buildRules = (
			);
			dependencies = (
			);
			name = aoc2020;
			productName = aoc2020;
			productReference = C46F900925762D4300DE7793 /* aoc2020 */;
			productType = "com.apple.product-type.tool";
		};
/* End PBXNativeTarget section */

/* Begin PBXProject section */
		C46F900125762D4300DE7793 /* Project object */ = {
			isa = PBXProject;
			attributes = {
				LastSwiftUpdateCheck = 1220;
				LastUpgradeCheck = 1220;
				TargetAttributes = {
					C46F900825762D4300DE7793 = {
						CreatedOnToolsVersion = 12.2;
					};
				};
			};
			buildConfigurationList = C46F900425762D4300DE7793 /* Build configuration list for PBXProject "aoc2020" */;
			compatibilityVersion = "Xcode 9.3";
			developmentRegion = en;
			hasScannedForEncodings = 0;
			knownRegions = (
				en,
				Base,
			);
			mainGroup = C46F900025762D4300DE7793;
			productRefGroup = C46F900A25762D4300DE7793 /* Products */;
			projectDirPath = "";
			projectRoot = "";
			targets = (
				C46F900825762D4300DE7793 /* aoc2020 */,
			);
		};
/* End PBXProject section */

/* Begin PBXSourcesBuildPhase section */
		C46F900525762D4300DE7793 /* Sources */ = {
			isa = PBXSourcesBuildPhase;
			buildActionMask = 2147483647;
			files = (
				EADFBA172589CD7D008511B7 /* day16input.swift in Sources */,
				C42B5323257EA8790023D120 /* graph.swift in Sources */,
				EADFBA1A2589CD82008511B7 /* day16.swift in Sources */,
				C42F69942580917C00EC0773 /* day09input.swift in Sources */,
				EAF269382588796C00E55C30 /* day15.swift in Sources */,
				EAAAB35E258C6DF0009673B2 /* day18.swift in Sources */,
				EA48A4B6258726C2002B1A4E /* day14input.swift in Sources */,
				C40AA374257F3F4700E3109D /* day08input.swift in Sources */,
				EA610CE825906962000CFAA0 /* day21.swift in Sources */,
				C44C0D86257C9C5E00BD4AE9 /* day06.swift in Sources */,
				C40AA371257F3F4000E3109D /* day08.swift in Sources */,
				C42B5320257EA85F0023D120 /* string.swift in Sources */,
				EAAAB364258DC09A009673B2 /* day19.swift in Sources */,
				EA610CE2258F1172000CFAA0 /* day20.swift in Sources */,
				C46F900D25762D4300DE7793 /* main.swift in Sources */,
				EAA01395258B1B9F00C4D5B1 /* day17.swift in Sources */,
				C43D6C9625762DBA002A65C0 /* day01.swift in Sources */,
				EA610CE52590695D000CFAA0 /* day21input.swift in Sources */,
				EA6B4970258334A60032B658 /* day11.swift in Sources */,
				C47AEF90257A02A5009D6695 /* day04.swift in Sources */,
				EA4F606A2581D36D00245F48 /* day10.swift in Sources */,
				C4B8CBC32577589E00D0CAE3 /* day02.swift in Sources */,
				C42B5318257DEDDF0023D120 /* day07input.swift in Sources */,
				C47AEF8D257A01BF009D6695 /* day04input.swift in Sources */,
				EA48A4B9258726C5002B1A4E /* day14.swift in Sources */,
				C42F69912580917500EC0773 /* day09.swift in Sources */,
				C4B7C46E257B4964009B506B /* day05.swift in Sources */,
				C44C0D83257C9C4F00BD4AE9 /* day06input.swift in Sources */,
				C4B7C471257B4969009B506B /* day05input.swift in Sources */,
				C40AA378257F4DAA00E3109D /* BitSet.swift in Sources */,
				EA610CDF258F116E000CFAA0 /* day20input.swift in Sources */,
				EA48A46B2585D7D2002B1A4E /* day13input.swift in Sources */,
				EA48A46E2585D7D9002B1A4E /* day13.swift in Sources */,
				EA1A2CEF2591B4E20083E3E5 /* day22input.swift in Sources */,
				C47AEF8A2578AA66009D6695 /* day03.swift in Sources */,
				EAA01392258B1B9A00C4D5B1 /* day17input.swift in Sources */,
				EAEFA2002584856C0069320D /* day12input.swift in Sources */,
				EAAAB35B258C6DE3009673B2 /* day18input.swift in Sources */,
				EAEFA203258485700069320D /* day12.swift in Sources */,
				EA6B4973258334AD0032B658 /* day11input.swift in Sources */,
				EAF269352588796800E55C30 /* day15input.swift in Sources */,
				EA1A2CF22591B4FA0083E3E5 /* day22.swift in Sources */,
				EAAAB361258DC087009673B2 /* day19input.swift in Sources */,
				EA4F606D2581D37400245F48 /* day10input.swift in Sources */,
				C42B531B257DEDE60023D120 /* day07.swift in Sources */,
			);
			runOnlyForDeploymentPostprocessing = 0;
		};
/* End PBXSourcesBuildPhase section */

/* Begin XCBuildConfiguration section */
		C46F900E25762D4300DE7793 /* Debug */ = {
			isa = XCBuildConfiguration;
			buildSettings = {
				ALWAYS_SEARCH_USER_PATHS = NO;
				CLANG_ANALYZER_NONNULL = YES;
				CLANG_ANALYZER_NUMBER_OBJECT_CONVERSION = YES_AGGRESSIVE;
				CLANG_CXX_LANGUAGE_STANDARD = "gnu++14";
				CLANG_CXX_LIBRARY = "libc++";
				CLANG_ENABLE_MODULES = YES;
				CLANG_ENABLE_OBJC_ARC = YES;
				CLANG_ENABLE_OBJC_WEAK = YES;
				CLANG_WARN_BLOCK_CAPTURE_AUTORELEASING = YES;
				CLANG_WARN_BOOL_CONVERSION = YES;
				CLANG_WARN_COMMA = YES;
				CLANG_WARN_CONSTANT_CONVERSION = YES;
				CLANG_WARN_DEPRECATED_OBJC_IMPLEMENTATIONS = YES;
				CLANG_WARN_DIRECT_OBJC_ISA_USAGE = YES_ERROR;
				CLANG_WARN_DOCUMENTATION_COMMENTS = YES;
				CLANG_WARN_EMPTY_BODY = YES;
				CLANG_WARN_ENUM_CONVERSION = YES;
				CLANG_WARN_INFINITE_RECURSION = YES;
				CLANG_WARN_INT_CONVERSION = YES;
				CLANG_WARN_NON_LITERAL_NULL_CONVERSION = YES;
				CLANG_WARN_OBJC_IMPLICIT_RETAIN_SELF = YES;
				CLANG_WARN_OBJC_LITERAL_CONVERSION = YES;
				CLANG_WARN_OBJC_ROOT_CLASS = YES_ERROR;
				CLANG_WARN_QUOTED_INCLUDE_IN_FRAMEWORK_HEADER = YES;
				CLANG_WARN_RANGE_LOOP_ANALYSIS = YES;
				CLANG_WARN_STRICT_PROTOTYPES = YES;
				CLANG_WARN_SUSPICIOUS_MOVE = YES;
				CLANG_WARN_UNGUARDED_AVAILABILITY = YES_AGGRESSIVE;
				CLANG_WARN_UNREACHABLE_CODE = YES;
				CLANG_WARN__DUPLICATE_METHOD_MATCH = YES;
				COPY_PHASE_STRIP = NO;
				DEBUG_INFORMATION_FORMAT = dwarf;
				ENABLE_STRICT_OBJC_MSGSEND = YES;
				ENABLE_TESTABILITY = YES;
				GCC_C_LANGUAGE_STANDARD = gnu11;
				GCC_DYNAMIC_NO_PIC = NO;
				GCC_NO_COMMON_BLOCKS = YES;
				GCC_OPTIMIZATION_LEVEL = 0;
				GCC_PREPROCESSOR_DEFINITIONS = (
					"DEBUG=1",
					"$(inherited)",
				);
				GCC_WARN_64_TO_32_BIT_CONVERSION = YES;
				GCC_WARN_ABOUT_RETURN_TYPE = YES_ERROR;
				GCC_WARN_UNDECLARED_SELECTOR = YES;
				GCC_WARN_UNINITIALIZED_AUTOS = YES_AGGRESSIVE;
				GCC_WARN_UNUSED_FUNCTION = YES;
				GCC_WARN_UNUSED_VARIABLE = YES;
				MACOSX_DEPLOYMENT_TARGET = 10.15;
				MTL_ENABLE_DEBUG_INFO = INCLUDE_SOURCE;
				MTL_FAST_MATH = YES;
				ONLY_ACTIVE_ARCH = YES;
				SDKROOT = macosx;
				SWIFT_ACTIVE_COMPILATION_CONDITIONS = DEBUG;
				SWIFT_OPTIMIZATION_LEVEL = "-Onone";
			};
			name = Debug;
		};
		C46F900F25762D4300DE7793 /* Release */ = {
			isa = XCBuildConfiguration;
			buildSettings = {
				ALWAYS_SEARCH_USER_PATHS = NO;
				CLANG_ANALYZER_NONNULL = YES;
				CLANG_ANALYZER_NUMBER_OBJECT_CONVERSION = YES_AGGRESSIVE;
				CLANG_CXX_LANGUAGE_STANDARD = "gnu++14";
				CLANG_CXX_LIBRARY = "libc++";
				CLANG_ENABLE_MODULES = YES;
				CLANG_ENABLE_OBJC_ARC = YES;
				CLANG_ENABLE_OBJC_WEAK = YES;
				CLANG_WARN_BLOCK_CAPTURE_AUTORELEASING = YES;
				CLANG_WARN_BOOL_CONVERSION = YES;
				CLANG_WARN_COMMA = YES;
				CLANG_WARN_CONSTANT_CONVERSION = YES;
				CLANG_WARN_DEPRECATED_OBJC_IMPLEMENTATIONS = YES;
				CLANG_WARN_DIRECT_OBJC_ISA_USAGE = YES_ERROR;
				CLANG_WARN_DOCUMENTATION_COMMENTS = YES;
				CLANG_WARN_EMPTY_BODY = YES;
				CLANG_WARN_ENUM_CONVERSION = YES;
				CLANG_WARN_INFINITE_RECURSION = YES;
				CLANG_WARN_INT_CONVERSION = YES;
				CLANG_WARN_NON_LITERAL_NULL_CONVERSION = YES;
				CLANG_WARN_OBJC_IMPLICIT_RETAIN_SELF = YES;
				CLANG_WARN_OBJC_LITERAL_CONVERSION = YES;
				CLANG_WARN_OBJC_ROOT_CLASS = YES_ERROR;
				CLANG_WARN_QUOTED_INCLUDE_IN_FRAMEWORK_HEADER = YES;
				CLANG_WARN_RANGE_LOOP_ANALYSIS = YES;
				CLANG_WARN_STRICT_PROTOTYPES = YES;
				CLANG_WARN_SUSPICIOUS_MOVE = YES;
				CLANG_WARN_UNGUARDED_AVAILABILITY = YES_AGGRESSIVE;
				CLANG_WARN_UNREACHABLE_CODE = YES;
				CLANG_WARN__DUPLICATE_METHOD_MATCH = YES;
				COPY_PHASE_STRIP = NO;
				DEBUG_INFORMATION_FORMAT = "dwarf-with-dsym";
				ENABLE_NS_ASSERTIONS = NO;
				ENABLE_STRICT_OBJC_MSGSEND = YES;
				GCC_C_LANGUAGE_STANDARD = gnu11;
				GCC_NO_COMMON_BLOCKS = YES;
				GCC_WARN_64_TO_32_BIT_CONVERSION = YES;
				GCC_WARN_ABOUT_RETURN_TYPE = YES_ERROR;
				GCC_WARN_UNDECLARED_SELECTOR = YES;
				GCC_WARN_UNINITIALIZED_AUTOS = YES_AGGRESSIVE;
				GCC_WARN_UNUSED_FUNCTION = YES;
				GCC_WARN_UNUSED_VARIABLE = YES;
				MACOSX_DEPLOYMENT_TARGET = 10.15;
				MTL_ENABLE_DEBUG_INFO = NO;
				MTL_FAST_MATH = YES;
				SDKROOT = macosx;
				SWIFT_COMPILATION_MODE = wholemodule;
				SWIFT_OPTIMIZATION_LEVEL = "-O";
			};
			name = Release;
		};
		C46F901125762D4300DE7793 /* Debug */ = {
			isa = XCBuildConfiguration;
			buildSettings = {
				CODE_SIGN_STYLE = Automatic;
				DEVELOPMENT_ASSET_PATHS = "";
				PRODUCT_NAME = "$(TARGET_NAME)";
				SWIFT_VERSION = 5.0;
			};
			name = Debug;
		};
		C46F901225762D4300DE7793 /* Release */ = {
			isa = XCBuildConfiguration;
			buildSettings = {
				CODE_SIGN_STYLE = Automatic;
				DEVELOPMENT_ASSET_PATHS = "";
				PRODUCT_NAME = "$(TARGET_NAME)";
				SWIFT_VERSION = 5.0;
			};
			name = Release;
		};
/* End XCBuildConfiguration section */

/* Begin XCConfigurationList section */
		C46F900425762D4300DE7793 /* Build configuration list for PBXProject "aoc2020" */ = {
			isa = XCConfigurationList;
			buildConfigurations = (
				C46F900E25762D4300DE7793 /* Debug */,
				C46F900F25762D4300DE7793 /* Release */,
			);
			defaultConfigurationIsVisible = 0;
			defaultConfigurationName = Release;
		};
		C46F901025762D4300DE7793 /* Build configuration list for PBXNativeTarget "aoc2020" */ = {
			isa = XCConfigurationList;
			buildConfigurations = (
				C46F901125762D4300DE7793 /* Debug */,
				C46F901225762D4300DE7793 /* Release */,
			);
			defaultConfigurationIsVisible = 0;
			defaultConfigurationName = Release;
		};
/* End XCConfigurationList section */
	};
	rootObject = C46F900125762D4300DE7793 /* Project object */;
}
